
Microsoft Visual Studio Solution File, Format Version 12.00
# Visual Studio 15
VisualStudioVersion = 15.0.27703.2000
MinimumVisualStudioVersion = 10.0.40219.1
Project("{A07B5EB6-E848-4116-A8D0-A826331D98C6}") = "MyApplication", "MyApplication\MyApplication.sfproj", "{4344D673-495D-4161-A91F-1593F80F88F2}"
EndProject
Project("{FAE04EC0-301F-11D3-BF4B-00C04F79EFBC}") = "MyStatefulService", "MyStatefulService\MyStatefulService.csproj", "{86C5DBE0-596F-4509-AB70-27E2CAABD625}"
EndProject
Global
	GlobalSection(SolutionConfigurationPlatforms) = preSolution
		Debug|Any CPU = Debug|Any CPU
		Debug|x64 = Debug|x64
		Release|Any CPU = Release|Any CPU
		Release|x64 = Release|x64
	EndGlobalSection
	GlobalSection(ProjectConfigurationPlatforms) = postSolution
		{4344D673-495D-4161-A91F-1593F80F88F2}.Debug|Any CPU.ActiveCfg = Debug|x64
		{4344D673-495D-4161-A91F-1593F80F88F2}.Debug|x64.ActiveCfg = Debug|x64
		{4344D673-495D-4161-A91F-1593F80F88F2}.Debug|x64.Build.0 = Debug|x64
		{4344D673-495D-4161-A91F-1593F80F88F2}.Debug|x64.Deploy.0 = Debug|x64
		{4344D673-495D-4161-A91F-1593F80F88F2}.Release|Any CPU.ActiveCfg = Release|x64
		{4344D673-495D-4161-A91F-1593F80F88F2}.Release|x64.ActiveCfg = Release|x64
		{4344D673-495D-4161-A91F-1593F80F88F2}.Release|x64.Build.0 = Release|x64
		{4344D673-495D-4161-A91F-1593F80F88F2}.Release|x64.Deploy.0 = Release|x64
		{86C5DBE0-596F-4509-AB70-27E2CAABD625}.Debug|Any CPU.ActiveCfg = Debug|Any CPU
		{86C5DBE0-596F-4509-AB70-27E2CAABD625}.Debug|Any CPU.Build.0 = Debug|Any CPU
		{86C5DBE0-596F-4509-AB70-27E2CAABD625}.Debug|x64.ActiveCfg = Debug|Any CPU
		{86C5DBE0-596F-4509-AB70-27E2CAABD625}.Debug|x64.Build.0 = Debug|Any CPU
		{86C5DBE0-596F-4509-AB70-27E2CAABD625}.Release|Any CPU.ActiveCfg = Release|Any CPU
		{86C5DBE0-596F-4509-AB70-27E2CAABD625}.Release|Any CPU.Build.0 = Release|Any CPU
		{86C5DBE0-596F-4509-AB70-27E2CAABD625}.Release|x64.ActiveCfg = Release|Any CPU
		{86C5DBE0-596F-4509-AB70-27E2CAABD625}.Release|x64.Build.0 = Release|Any CPU
	EndGlobalSection
	GlobalSection(SolutionProperties) = preSolution
		HideSolutionNode = FALSE
	EndGlobalSection
	GlobalSection(ExtensibilityGlobals) = postSolution
		SolutionGuid = {66CFD8A5-2FF9-423A-BAC2-F2E9E2F9253D}
	EndGlobalSection
EndGlobal
